// !$*UTF8*$!
{
	archiveVersion = 1;
	classes = {
	};
	objectVersion = 55;
	objects = {

/* Begin PBXBuildFile section */
		69E05AEE28A3AFAE00FD3082 /* AppDelegate.swift in Sources */ = {isa = PBXBuildFile; fileRef = 69E05AED28A3AFAE00FD3082 /* AppDelegate.swift */; };
		69E05AF028A3AFAE00FD3082 /* SceneDelegate.swift in Sources */ = {isa = PBXBuildFile; fileRef = 69E05AEF28A3AFAE00FD3082 /* SceneDelegate.swift */; };
		69E05AF228A3AFAE00FD3082 /* ViewController.swift in Sources */ = {isa = PBXBuildFile; fileRef = 69E05AF128A3AFAE00FD3082 /* ViewController.swift */; };
		69E05AF528A3AFAE00FD3082 /* Main.storyboard in Resources */ = {isa = PBXBuildFile; fileRef = 69E05AF328A3AFAE00FD3082 /* Main.storyboard */; };
		69E05AF828A3AFAE00FD3082 /* Coordinator.xcdatamodeld in Sources */ = {isa = PBXBuildFile; fileRef = 69E05AF628A3AFAE00FD3082 /* Coordinator.xcdatamodeld */; };
		69E05AFA28A3AFB100FD3082 /* Assets.xcassets in Resources */ = {isa = PBXBuildFile; fileRef = 69E05AF928A3AFB100FD3082 /* Assets.xcassets */; };
		69E05AFD28A3AFB100FD3082 /* LaunchScreen.storyboard in Resources */ = {isa = PBXBuildFile; fileRef = 69E05AFB28A3AFB100FD3082 /* LaunchScreen.storyboard */; };
		69E05B0828A3AFB100FD3082 /* CoordinatorTests.swift in Sources */ = {isa = PBXBuildFile; fileRef = 69E05B0728A3AFB100FD3082 /* CoordinatorTests.swift */; };
		69E05B1228A3AFB100FD3082 /* CoordinatorUITests.swift in Sources */ = {isa = PBXBuildFile; fileRef = 69E05B1128A3AFB100FD3082 /* CoordinatorUITests.swift */; };
		69E05B1428A3AFB100FD3082 /* CoordinatorUITestsLaunchTests.swift in Sources */ = {isa = PBXBuildFile; fileRef = 69E05B1328A3AFB100FD3082 /* CoordinatorUITestsLaunchTests.swift */; };
/* End PBXBuildFile section */

/* Begin PBXContainerItemProxy section */
		69E05B0428A3AFB100FD3082 /* PBXContainerItemProxy */ = {
			isa = PBXContainerItemProxy;
			containerPortal = 69E05AE228A3AFAE00FD3082 /* Project object */;
			proxyType = 1;
			remoteGlobalIDString = 69E05AE928A3AFAE00FD3082;
			remoteInfo = Coordinator;
		};
		69E05B0E28A3AFB100FD3082 /* PBXContainerItemProxy */ = {
			isa = PBXContainerItemProxy;
			containerPortal = 69E05AE228A3AFAE00FD3082 /* Project object */;
			proxyType = 1;
			remoteGlobalIDString = 69E05AE928A3AFAE00FD3082;
			remoteInfo = Coordinator;
		};
/* End PBXContainerItemProxy section */

/* Begin PBXFileReference section */
		69E05AEA28A3AFAE00FD3082 /* Coordinator.app */ = {isa = PBXFileReference; explicitFileType = wrapper.application; includeInIndex = 0; path = Coordinator.app; sourceTree = BUILT_PRODUCTS_DIR; };
		69E05AED28A3AFAE00FD3082 /* AppDelegate.swift */ = {isa = PBXFileReference; lastKnownFileType = sourcecode.swift; path = AppDelegate.swift; sourceTree = "<group>"; };
		69E05AEF28A3AFAE00FD3082 /* SceneDelegate.swift */ = {isa = PBXFileReference; lastKnownFileType = sourcecode.swift; path = SceneDelegate.swift; sourceTree = "<group>"; };
		69E05AF128A3AFAE00FD3082 /* ViewController.swift */ = {isa = PBXFileReference; lastKnownFileType = sourcecode.swift; path = ViewController.swift; sourceTree = "<group>"; };
		69E05AF428A3AFAE00FD3082 /* Base */ = {isa = PBXFileReference; lastKnownFileType = file.storyboard; name = Base; path = Base.lproj/Main.storyboard; sourceTree = "<group>"; };
		69E05AF728A3AFAE00FD3082 /* Coordinator.xcdatamodel */ = {isa = PBXFileReference; lastKnownFileType = wrapper.xcdatamodel; path = Coordinator.xcdatamodel; sourceTree = "<group>"; };
		69E05AF928A3AFB100FD3082 /* Assets.xcassets */ = {isa = PBXFileReference; lastKnownFileType = folder.assetcatalog; path = Assets.xcassets; sourceTree = "<group>"; };
		69E05AFC28A3AFB100FD3082 /* Base */ = {isa = PBXFileReference; lastKnownFileType = file.storyboard; name = Base; path = Base.lproj/LaunchScreen.storyboard; sourceTree = "<group>"; };
		69E05AFE28A3AFB100FD3082 /* Info.plist */ = {isa = PBXFileReference; lastKnownFileType = text.plist.xml; path = Info.plist; sourceTree = "<group>"; };
		69E05B0328A3AFB100FD3082 /* CoordinatorTests.xctest */ = {isa = PBXFileReference; explicitFileType = wrapper.cfbundle; includeInIndex = 0; path = CoordinatorTests.xctest; sourceTree = BUILT_PRODUCTS_DIR; };
		69E05B0728A3AFB100FD3082 /* CoordinatorTests.swift */ = {isa = PBXFileReference; lastKnownFileType = sourcecode.swift; path = CoordinatorTests.swift; sourceTree = "<group>"; };
		69E05B0D28A3AFB100FD3082 /* CoordinatorUITests.xctest */ = {isa = PBXFileReference; explicitFileType = wrapper.cfbundle; includeInIndex = 0; path = CoordinatorUITests.xctest; sourceTree = BUILT_PRODUCTS_DIR; };
		69E05B1128A3AFB100FD3082 /* CoordinatorUITests.swift */ = {isa = PBXFileReference; lastKnownFileType = sourcecode.swift; path = CoordinatorUITests.swift; sourceTree = "<group>"; };
		69E05B1328A3AFB100FD3082 /* CoordinatorUITestsLaunchTests.swift */ = {isa = PBXFileReference; lastKnownFileType = sourcecode.swift; path = CoordinatorUITestsLaunchTests.swift; sourceTree = "<group>"; };
/* End PBXFileReference section */

/* Begin PBXFrameworksBuildPhase section */
		69E05AE728A3AFAE00FD3082 /* Frameworks */ = {
			isa = PBXFrameworksBuildPhase;
			buildActionMask = 2147483647;
			files = (
			);
			runOnlyForDeploymentPostprocessing = 0;
		};
		69E05B0028A3AFB100FD3082 /* Frameworks */ = {
			isa = PBXFrameworksBuildPhase;
			buildActionMask = 2147483647;
			files = (
			);
			runOnlyForDeploymentPostprocessing = 0;
		};
		69E05B0A28A3AFB100FD3082 /* Frameworks */ = {
			isa = PBXFrameworksBuildPhase;
			buildActionMask = 2147483647;
			files = (
			);
			runOnlyForDeploymentPostprocessing = 0;
		};
/* End PBXFrameworksBuildPhase section */

/* Begin PBXGroup section */
		69E05AE128A3AFAE00FD3082 = {
			isa = PBXGroup;
			children = (
				69E05AEC28A3AFAE00FD3082 /* Coordinator */,
				69E05B0628A3AFB100FD3082 /* CoordinatorTests */,
				69E05B1028A3AFB100FD3082 /* CoordinatorUITests */,
				69E05AEB28A3AFAE00FD3082 /* Products */,
			);
			sourceTree = "<group>";
		};
		69E05AEB28A3AFAE00FD3082 /* Products */ = {
			isa = PBXGroup;
			children = (
				69E05AEA28A3AFAE00FD3082 /* Coordinator.app */,
				69E05B0328A3AFB100FD3082 /* CoordinatorTests.xctest */,
				69E05B0D28A3AFB100FD3082 /* CoordinatorUITests.xctest */,
			);
			name = Products;
			sourceTree = "<group>";
		};
		69E05AEC28A3AFAE00FD3082 /* Coordinator */ = {
			isa = PBXGroup;
			children = (
				69E05AED28A3AFAE00FD3082 /* AppDelegate.swift */,
				69E05AEF28A3AFAE00FD3082 /* SceneDelegate.swift */,
				69E05AF128A3AFAE00FD3082 /* ViewController.swift */,
				69E05AF328A3AFAE00FD3082 /* Main.storyboard */,
				69E05AF928A3AFB100FD3082 /* Assets.xcassets */,
				69E05AFB28A3AFB100FD3082 /* LaunchScreen.storyboard */,
				69E05AFE28A3AFB100FD3082 /* Info.plist */,
				69E05AF628A3AFAE00FD3082 /* Coordinator.xcdatamodeld */,
			);
			path = Coordinator;
			sourceTree = "<group>";
		};
		69E05B0628A3AFB100FD3082 /* CoordinatorTests */ = {
			isa = PBXGroup;
			children = (
				69E05B0728A3AFB100FD3082 /* CoordinatorTests.swift */,
			);
			path = CoordinatorTests;
			sourceTree = "<group>";
		};
		69E05B1028A3AFB100FD3082 /* CoordinatorUITests */ = {
			isa = PBXGroup;
			children = (
				69E05B1128A3AFB100FD3082 /* CoordinatorUITests.swift */,
				69E05B1328A3AFB100FD3082 /* CoordinatorUITestsLaunchTests.swift */,
			);
			path = CoordinatorUITests;
			sourceTree = "<group>";
		};
/* End PBXGroup section */

/* Begin PBXNativeTarget section */
		69E05AE928A3AFAE00FD3082 /* Coordinator */ = {
			isa = PBXNativeTarget;
			buildConfigurationList = 69E05B1728A3AFB100FD3082 /* Build configuration list for PBXNativeTarget "Coordinator" */;
			buildPhases = (
				69E05AE628A3AFAE00FD3082 /* Sources */,
				69E05AE728A3AFAE00FD3082 /* Frameworks */,
				69E05AE828A3AFAE00FD3082 /* Resources */,
			);
			buildRules = (
			);
			dependencies = (
			);
			name = Coordinator;
			productName = Coordinator;
			productReference = 69E05AEA28A3AFAE00FD3082 /* Coordinator.app */;
			productType = "com.apple.product-type.application";
		};
		69E05B0228A3AFB100FD3082 /* CoordinatorTests */ = {
			isa = PBXNativeTarget;
			buildConfigurationList = 69E05B1A28A3AFB100FD3082 /* Build configuration list for PBXNativeTarget "CoordinatorTests" */;
			buildPhases = (
				69E05AFF28A3AFB100FD3082 /* Sources */,
				69E05B0028A3AFB100FD3082 /* Frameworks */,
				69E05B0128A3AFB100FD3082 /* Resources */,
			);
			buildRules = (
			);
			dependencies = (
				69E05B0528A3AFB100FD3082 /* PBXTargetDependency */,
			);
			name = CoordinatorTests;
			productName = CoordinatorTests;
			productReference = 69E05B0328A3AFB100FD3082 /* CoordinatorTests.xctest */;
			productType = "com.apple.product-type.bundle.unit-test";
		};
		69E05B0C28A3AFB100FD3082 /* CoordinatorUITests */ = {
			isa = PBXNativeTarget;
			buildConfigurationList = 69E05B1D28A3AFB100FD3082 /* Build configuration list for PBXNativeTarget "CoordinatorUITests" */;
			buildPhases = (
				69E05B0928A3AFB100FD3082 /* Sources */,
				69E05B0A28A3AFB100FD3082 /* Frameworks */,
				69E05B0B28A3AFB100FD3082 /* Resources */,
			);
			buildRules = (
			);
			dependencies = (
				69E05B0F28A3AFB100FD3082 /* PBXTargetDependency */,
			);
			name = CoordinatorUITests;
			productName = CoordinatorUITests;
			productReference = 69E05B0D28A3AFB100FD3082 /* CoordinatorUITests.xctest */;
			productType = "com.apple.product-type.bundle.ui-testing";
		};
/* End PBXNativeTarget section */

/* Begin PBXProject section */
		69E05AE228A3AFAE00FD3082 /* Project object */ = {
			isa = PBXProject;
			attributes = {
				BuildIndependentTargetsInParallel = 1;
				LastSwiftUpdateCheck = 1340;
				LastUpgradeCheck = 1340;
				TargetAttributes = {
					69E05AE928A3AFAE00FD3082 = {
						CreatedOnToolsVersion = 13.4.1;
					};
					69E05B0228A3AFB100FD3082 = {
						CreatedOnToolsVersion = 13.4.1;
						TestTargetID = 69E05AE928A3AFAE00FD3082;
					};
					69E05B0C28A3AFB100FD3082 = {
						CreatedOnToolsVersion = 13.4.1;
						TestTargetID = 69E05AE928A3AFAE00FD3082;
					};
				};
			};
			buildConfigurationList = 69E05AE528A3AFAE00FD3082 /* Build configuration list for PBXProject "Coordinator" */;
			compatibilityVersion = "Xcode 13.0";
			developmentRegion = en;
			hasScannedForEncodings = 0;
			knownRegions = (
				en,
				Base,
			);
			mainGroup = 69E05AE128A3AFAE00FD3082;
			productRefGroup = 69E05AEB28A3AFAE00FD3082 /* Products */;
			projectDirPath = "";
			projectRoot = "";
			targets = (
				69E05AE928A3AFAE00FD3082 /* Coordinator */,
				69E05B0228A3AFB100FD3082 /* CoordinatorTests */,
				69E05B0C28A3AFB100FD3082 /* CoordinatorUITests */,
			);
		};
/* End PBXProject section */

/* Begin PBXResourcesBuildPhase section */
		69E05AE828A3AFAE00FD3082 /* Resources */ = {
			isa = PBXResourcesBuildPhase;
			buildActionMask = 2147483647;
			files = (
				69E05AFD28A3AFB100FD3082 /* LaunchScreen.storyboard in Resources */,
				69E05AFA28A3AFB100FD3082 /* Assets.xcassets in Resources */,
				69E05AF528A3AFAE00FD3082 /* Main.storyboard in Resources */,
			);
			runOnlyForDeploymentPostprocessing = 0;
		};
		69E05B0128A3AFB100FD3082 /* Resources */ = {
			isa = PBXResourcesBuildPhase;
			buildActionMask = 2147483647;
			files = (
			);
			runOnlyForDeploymentPostprocessing = 0;
		};
		69E05B0B28A3AFB100FD3082 /* Resources */ = {
			isa = PBXResourcesBuildPhase;
			buildActionMask = 2147483647;
			files = (
			);
			runOnlyForDeploymentPostprocessing = 0;
		};
/* End PBXResourcesBuildPhase section */

/* Begin PBXSourcesBuildPhase section */
		69E05AE628A3AFAE00FD3082 /* Sources */ = {
			isa = PBXSourcesBuildPhase;
			buildActionMask = 2147483647;
			files = (
				69E05AF828A3AFAE00FD3082 /* Coordinator.xcdatamodeld in Sources */,
				69E05AF228A3AFAE00FD3082 /* ViewController.swift in Sources */,
				69E05AEE28A3AFAE00FD3082 /* AppDelegate.swift in Sources */,
				69E05AF028A3AFAE00FD3082 /* SceneDelegate.swift in Sources */,
			);
			runOnlyForDeploymentPostprocessing = 0;
		};
		69E05AFF28A3AFB100FD3082 /* Sources */ = {
			isa = PBXSourcesBuildPhase;
			buildActionMask = 2147483647;
			files = (
				69E05B0828A3AFB100FD3082 /* CoordinatorTests.swift in Sources */,
			);
			runOnlyForDeploymentPostprocessing = 0;
		};
		69E05B0928A3AFB100FD3082 /* Sources */ = {
			isa = PBXSourcesBuildPhase;
			buildActionMask = 2147483647;
			files = (
				69E05B1228A3AFB100FD3082 /* CoordinatorUITests.swift in Sources */,
				69E05B1428A3AFB100FD3082 /* CoordinatorUITestsLaunchTests.swift in Sources */,
			);
			runOnlyForDeploymentPostprocessing = 0;
		};
/* End PBXSourcesBuildPhase section */

/* Begin PBXTargetDependency section */
		69E05B0528A3AFB100FD3082 /* PBXTargetDependency */ = {
			isa = PBXTargetDependency;
			target = 69E05AE928A3AFAE00FD3082 /* Coordinator */;
			targetProxy = 69E05B0428A3AFB100FD3082 /* PBXContainerItemProxy */;
		};
		69E05B0F28A3AFB100FD3082 /* PBXTargetDependency */ = {
			isa = PBXTargetDependency;
			target = 69E05AE928A3AFAE00FD3082 /* Coordinator */;
			targetProxy = 69E05B0E28A3AFB100FD3082 /* PBXContainerItemProxy */;
		};
/* End PBXTargetDependency section */

/* Begin PBXVariantGroup section */
		69E05AF328A3AFAE00FD3082 /* Main.storyboard */ = {
			isa = PBXVariantGroup;
			children = (
				69E05AF428A3AFAE00FD3082 /* Base */,
			);
			name = Main.storyboard;
			sourceTree = "<group>";
		};
		69E05AFB28A3AFB100FD3082 /* LaunchScreen.storyboard */ = {
			isa = PBXVariantGroup;
			children = (
				69E05AFC28A3AFB100FD3082 /* Base */,
			);
			name = LaunchScreen.storyboard;
			sourceTree = "<group>";
		};
/* End PBXVariantGroup section */

/* Begin XCBuildConfiguration section */
		69E05B1528A3AFB100FD3082 /* Debug */ = {
			isa = XCBuildConfiguration;
			buildSettings = {
				ALWAYS_SEARCH_USER_PATHS = NO;
				CLANG_ANALYZER_NONNULL = YES;
				CLANG_ANALYZER_NUMBER_OBJECT_CONVERSION = YES_AGGRESSIVE;
				CLANG_CXX_LANGUAGE_STANDARD = "gnu++17";
				CLANG_ENABLE_MODULES = YES;
				CLANG_ENABLE_OBJC_ARC = YES;
				CLANG_ENABLE_OBJC_WEAK = YES;
				CLANG_WARN_BLOCK_CAPTURE_AUTORELEASING = YES;
				CLANG_WARN_BOOL_CONVERSION = YES;
				CLANG_WARN_COMMA = YES;
				CLANG_WARN_CONSTANT_CONVERSION = YES;
				CLANG_WARN_DEPRECATED_OBJC_IMPLEMENTATIONS = YES;
				CLANG_WARN_DIRECT_OBJC_ISA_USAGE = YES_ERROR;
				CLANG_WARN_DOCUMENTATION_COMMENTS = YES;
				CLANG_WARN_EMPTY_BODY = YES;
				CLANG_WARN_ENUM_CONVERSION = YES;
				CLANG_WARN_INFINITE_RECURSION = YES;
				CLANG_WARN_INT_CONVERSION = YES;
				CLANG_WARN_NON_LITERAL_NULL_CONVERSION = YES;
				CLANG_WARN_OBJC_IMPLICIT_RETAIN_SELF = YES;
				CLANG_WARN_OBJC_LITERAL_CONVERSION = YES;
				CLANG_WARN_OBJC_ROOT_CLASS = YES_ERROR;
				CLANG_WARN_QUOTED_INCLUDE_IN_FRAMEWORK_HEADER = YES;
				CLANG_WARN_RANGE_LOOP_ANALYSIS = YES;
				CLANG_WARN_STRICT_PROTOTYPES = YES;
				CLANG_WARN_SUSPICIOUS_MOVE = YES;
				CLANG_WARN_UNGUARDED_AVAILABILITY = YES_AGGRESSIVE;
				CLANG_WARN_UNREACHABLE_CODE = YES;
				CLANG_WARN__DUPLICATE_METHOD_MATCH = YES;
				COPY_PHASE_STRIP = NO;
				DEBUG_INFORMATION_FORMAT = dwarf;
				ENABLE_STRICT_OBJC_MSGSEND = YES;
				ENABLE_TESTABILITY = YES;
				GCC_C_LANGUAGE_STANDARD = gnu11;
				GCC_DYNAMIC_NO_PIC = NO;
				GCC_NO_COMMON_BLOCKS = YES;
				GCC_OPTIMIZATION_LEVEL = 0;
				GCC_PREPROCESSOR_DEFINITIONS = (
					"DEBUG=1",
					"$(inherited)",
				);
				GCC_WARN_64_TO_32_BIT_CONVERSION = YES;
				GCC_WARN_ABOUT_RETURN_TYPE = YES_ERROR;
				GCC_WARN_UNDECLARED_SELECTOR = YES;
				GCC_WARN_UNINITIALIZED_AUTOS = YES_AGGRESSIVE;
				GCC_WARN_UNUSED_FUNCTION = YES;
				GCC_WARN_UNUSED_VARIABLE = YES;
				IPHONEOS_DEPLOYMENT_TARGET = 15.5;
				MTL_ENABLE_DEBUG_INFO = INCLUDE_SOURCE;
				MTL_FAST_MATH = YES;
				ONLY_ACTIVE_ARCH = YES;
				SDKROOT = iphoneos;
				SWIFT_ACTIVE_COMPILATION_CONDITIONS = DEBUG;
				SWIFT_OPTIMIZATION_LEVEL = "-Onone";
			};
			name = Debug;
		};
		69E05B1628A3AFB100FD3082 /* Release */ = {
			isa = XCBuildConfiguration;
			buildSettings = {
				ALWAYS_SEARCH_USER_PATHS = NO;
				CLANG_ANALYZER_NONNULL = YES;
				CLANG_ANALYZER_NUMBER_OBJECT_CONVERSION = YES_AGGRESSIVE;
				CLANG_CXX_LANGUAGE_STANDARD = "gnu++17";
				CLANG_ENABLE_MODULES = YES;
				CLANG_ENABLE_OBJC_ARC = YES;
				CLANG_ENABLE_OBJC_WEAK = YES;
				CLANG_WARN_BLOCK_CAPTURE_AUTORELEASING = YES;
				CLANG_WARN_BOOL_CONVERSION = YES;
				CLANG_WARN_COMMA = YES;
				CLANG_WARN_CONSTANT_CONVERSION = YES;
				CLANG_WARN_DEPRECATED_OBJC_IMPLEMENTATIONS = YES;
				CLANG_WARN_DIRECT_OBJC_ISA_USAGE = YES_ERROR;
				CLANG_WARN_DOCUMENTATION_COMMENTS = YES;
				CLANG_WARN_EMPTY_BODY = YES;
				CLANG_WARN_ENUM_CONVERSION = YES;
				CLANG_WARN_INFINITE_RECURSION = YES;
				CLANG_WARN_INT_CONVERSION = YES;
				CLANG_WARN_NON_LITERAL_NULL_CONVERSION = YES;
				CLANG_WARN_OBJC_IMPLICIT_RETAIN_SELF = YES;
				CLANG_WARN_OBJC_LITERAL_CONVERSION = YES;
				CLANG_WARN_OBJC_ROOT_CLASS = YES_ERROR;
				CLANG_WARN_QUOTED_INCLUDE_IN_FRAMEWORK_HEADER = YES;
				CLANG_WARN_RANGE_LOOP_ANALYSIS = YES;
				CLANG_WARN_STRICT_PROTOTYPES = YES;
				CLANG_WARN_SUSPICIOUS_MOVE = YES;
				CLANG_WARN_UNGUARDED_AVAILABILITY = YES_AGGRESSIVE;
				CLANG_WARN_UNREACHABLE_CODE = YES;
				CLANG_WARN__DUPLICATE_METHOD_MATCH = YES;
				COPY_PHASE_STRIP = NO;
				DEBUG_INFORMATION_FORMAT = "dwarf-with-dsym";
				ENABLE_NS_ASSERTIONS = NO;
				ENABLE_STRICT_OBJC_MSGSEND = YES;
				GCC_C_LANGUAGE_STANDARD = gnu11;
				GCC_NO_COMMON_BLOCKS = YES;
				GCC_WARN_64_TO_32_BIT_CONVERSION = YES;
				GCC_WARN_ABOUT_RETURN_TYPE = YES_ERROR;
				GCC_WARN_UNDECLARED_SELECTOR = YES;
				GCC_WARN_UNINITIALIZED_AUTOS = YES_AGGRESSIVE;
				GCC_WARN_UNUSED_FUNCTION = YES;
				GCC_WARN_UNUSED_VARIABLE = YES;
				IPHONEOS_DEPLOYMENT_TARGET = 15.5;
				MTL_ENABLE_DEBUG_INFO = NO;
				MTL_FAST_MATH = YES;
				SDKROOT = iphoneos;
				SWIFT_COMPILATION_MODE = wholemodule;
				SWIFT_OPTIMIZATION_LEVEL = "-O";
				VALIDATE_PRODUCT = YES;
			};
			name = Release;
		};
		69E05B1828A3AFB100FD3082 /* Debug */ = {
			isa = XCBuildConfiguration;
			buildSettings = {
				ASSETCATALOG_COMPILER_APPICON_NAME = AppIcon;
				ASSETCATALOG_COMPILER_GLOBAL_ACCENT_COLOR_NAME = AccentColor;
				CODE_SIGN_STYLE = Automatic;
				CURRENT_PROJECT_VERSION = 1;
				DEVELOPMENT_TEAM = Z95P383GBF;
				GENERATE_INFOPLIST_FILE = YES;
				INFOPLIST_FILE = Coordinator/Info.plist;
				INFOPLIST_KEY_UIApplicationSupportsIndirectInputEvents = YES;
				INFOPLIST_KEY_UILaunchStoryboardName = LaunchScreen;
				INFOPLIST_KEY_UIMainStoryboardFile = Main;
				INFOPLIST_KEY_UISupportedInterfaceOrientations_iPad = "UIInterfaceOrientationPortrait UIInterfaceOrientationPortraitUpsideDown UIInterfaceOrientationLandscapeLeft UIInterfaceOrientationLandscapeRight";
				INFOPLIST_KEY_UISupportedInterfaceOrientations_iPhone = "UIInterfaceOrientationPortrait UIInterfaceOrientationLandscapeLeft UIInterfaceOrientationLandscapeRight";
				LD_RUNPATH_SEARCH_PATHS = (
					"$(inherited)",
					"@executable_path/Frameworks",
				);
				MARKETING_VERSION = 1.0;
				PRODUCT_BUNDLE_IDENTIFIER = voxsie.Coordinator;
				PRODUCT_NAME = "$(TARGET_NAME)";
				SWIFT_EMIT_LOC_STRINGS = YES;
				SWIFT_VERSION = 5.0;
				TARGETED_DEVICE_FAMILY = "1,2";
			};
			name = Debug;
		};
		69E05B1928A3AFB100FD3082 /* Release */ = {
			isa = XCBuildConfiguration;
			buildSettings = {
				ASSETCATALOG_COMPILER_APPICON_NAME = AppIcon;
				ASSETCATALOG_COMPILER_GLOBAL_ACCENT_COLOR_NAME = AccentColor;
				CODE_SIGN_STYLE = Automatic;
				CURRENT_PROJECT_VERSION = 1;
				DEVELOPMENT_TEAM = Z95P383GBF;
				GENERATE_INFOPLIST_FILE = YES;
				INFOPLIST_FILE = Coordinator/Info.plist;
				INFOPLIST_KEY_UIApplicationSupportsIndirectInputEvents = YES;
				INFOPLIST_KEY_UILaunchStoryboardName = LaunchScreen;
				INFOPLIST_KEY_UIMainStoryboardFile = Main;
				INFOPLIST_KEY_UISupportedInterfaceOrientations_iPad = "UIInterfaceOrientationPortrait UIInterfaceOrientationPortraitUpsideDown UIInterfaceOrientationLandscapeLeft UIInterfaceOrientationLandscapeRight";
				INFOPLIST_KEY_UISupportedInterfaceOrientations_iPhone = "UIInterfaceOrientationPortrait UIInterfaceOrientationLandscapeLeft UIInterfaceOrientationLandscapeRight";
				LD_RUNPATH_SEARCH_PATHS = (
					"$(inherited)",
					"@executable_path/Frameworks",
				);
				MARKETING_VERSION = 1.0;
				PRODUCT_BUNDLE_IDENTIFIER = voxsie.Coordinator;
				PRODUCT_NAME = "$(TARGET_NAME)";
				SWIFT_EMIT_LOC_STRINGS = YES;
				SWIFT_VERSION = 5.0;
				TARGETED_DEVICE_FAMILY = "1,2";
			};
			name = Release;
		};
		69E05B1B28A3AFB100FD3082 /* Debug */ = {
			isa = XCBuildConfiguration;
			buildSettings = {
				ALWAYS_EMBED_SWIFT_STANDARD_LIBRARIES = YES;
				BUNDLE_LOADER = "$(TEST_HOST)";
				CODE_SIGN_STYLE = Automatic;
				CURRENT_PROJECT_VERSION = 1;
				DEVELOPMENT_TEAM = Z95P383GBF;
				GENERATE_INFOPLIST_FILE = YES;
				IPHONEOS_DEPLOYMENT_TARGET = 15.5;
				MARKETING_VERSION = 1.0;
				PRODUCT_BUNDLE_IDENTIFIER = voxsie.CoordinatorTests;
				PRODUCT_NAME = "$(TARGET_NAME)";
				SWIFT_EMIT_LOC_STRINGS = NO;
				SWIFT_VERSION = 5.0;
				TARGETED_DEVICE_FAMILY = "1,2";
				TEST_HOST = "$(BUILT_PRODUCTS_DIR)/Coordinator.app/Coordinator";
			};
			name = Debug;
		};
		69E05B1C28A3AFB100FD3082 /* Release */ = {
			isa = XCBuildConfiguration;
			buildSettings = {
				ALWAYS_EMBED_SWIFT_STANDARD_LIBRARIES = YES;
				BUNDLE_LOADER = "$(TEST_HOST)";
				CODE_SIGN_STYLE = Automatic;
				CURRENT_PROJECT_VERSION = 1;
				DEVELOPMENT_TEAM = Z95P383GBF;
				GENERATE_INFOPLIST_FILE = YES;
				IPHONEOS_DEPLOYMENT_TARGET = 15.5;
				MARKETING_VERSION = 1.0;
				PRODUCT_BUNDLE_IDENTIFIER = voxsie.CoordinatorTests;
				PRODUCT_NAME = "$(TARGET_NAME)";
				SWIFT_EMIT_LOC_STRINGS = NO;
				SWIFT_VERSION = 5.0;
				TARGETED_DEVICE_FAMILY = "1,2";
				TEST_HOST = "$(BUILT_PRODUCTS_DIR)/Coordinator.app/Coordinator";
			};
			name = Release;
		};
		69E05B1E28A3AFB100FD3082 /* Debug */ = {
			isa = XCBuildConfiguration;
			buildSettings = {
				ALWAYS_EMBED_SWIFT_STANDARD_LIBRARIES = YES;
				CODE_SIGN_STYLE = Automatic;
				CURRENT_PROJECT_VERSION = 1;
				DEVELOPMENT_TEAM = Z95P383GBF;
				GENERATE_INFOPLIST_FILE = YES;
				MARKETING_VERSION = 1.0;
				PRODUCT_BUNDLE_IDENTIFIER = voxsie.CoordinatorUITests;
				PRODUCT_NAME = "$(TARGET_NAME)";
				SWIFT_EMIT_LOC_STRINGS = NO;
				SWIFT_VERSION = 5.0;
				TARGETED_DEVICE_FAMILY = "1,2";
				TEST_TARGET_NAME = Coordinator;
			};
			name = Debug;
		};
		69E05B1F28A3AFB100FD3082 /* Release */ = {
			isa = XCBuildConfiguration;
			buildSettings = {
				ALWAYS_EMBED_SWIFT_STANDARD_LIBRARIES = YES;
				CODE_SIGN_STYLE = Automatic;
				CURRENT_PROJECT_VERSION = 1;
				DEVELOPMENT_TEAM = Z95P383GBF;
				GENERATE_INFOPLIST_FILE = YES;
				MARKETING_VERSION = 1.0;
				PRODUCT_BUNDLE_IDENTIFIER = voxsie.CoordinatorUITests;
				PRODUCT_NAME = "$(TARGET_NAME)";
				SWIFT_EMIT_LOC_STRINGS = NO;
				SWIFT_VERSION = 5.0;
				TARGETED_DEVICE_FAMILY = "1,2";
				TEST_TARGET_NAME = Coordinator;
			};
			name = Release;
		};
/* End XCBuildConfiguration section */

/* Begin XCConfigurationList section */
		69E05AE528A3AFAE00FD3082 /* Build configuration list for PBXProject "Coordinator" */ = {
			isa = XCConfigurationList;
			buildConfigurations = (
				69E05B1528A3AFB100FD3082 /* Debug */,
				69E05B1628A3AFB100FD3082 /* Release */,
			);
			defaultConfigurationIsVisible = 0;
			defaultConfigurationName = Release;
		};
		69E05B1728A3AFB100FD3082 /* Build configuration list for PBXNativeTarget "Coordinator" */ = {
			isa = XCConfigurationList;
			buildConfigurations = (
				69E05B1828A3AFB100FD3082 /* Debug */,
				69E05B1928A3AFB100FD3082 /* Release */,
			);
			defaultConfigurationIsVisible = 0;
			defaultConfigurationName = Release;
		};
		69E05B1A28A3AFB100FD3082 /* Build configuration list for PBXNativeTarget "CoordinatorTests" */ = {
			isa = XCConfigurationList;
			buildConfigurations = (
				69E05B1B28A3AFB100FD3082 /* Debug */,
				69E05B1C28A3AFB100FD3082 /* Release */,
			);
			defaultConfigurationIsVisible = 0;
			defaultConfigurationName = Release;
		};
		69E05B1D28A3AFB100FD3082 /* Build configuration list for PBXNativeTarget "CoordinatorUITests" */ = {
			isa = XCConfigurationList;
			buildConfigurations = (
				69E05B1E28A3AFB100FD3082 /* Debug */,
				69E05B1F28A3AFB100FD3082 /* Release */,
			);
			defaultConfigurationIsVisible = 0;
			defaultConfigurationName = Release;
		};
/* End XCConfigurationList section */

/* Begin XCVersionGroup section */
		69E05AF628A3AFAE00FD3082 /* Coordinator.xcdatamodeld */ = {
			isa = XCVersionGroup;
			children = (
				69E05AF728A3AFAE00FD3082 /* Coordinator.xcdatamodel */,
			);
			currentVersion = 69E05AF728A3AFAE00FD3082 /* Coordinator.xcdatamodel */;
			path = Coordinator.xcdatamodeld;
			sourceTree = "<group>";
			versionGroupType = wrapper.xcdatamodel;
		};
/* End XCVersionGroup section */
	};
	rootObject = 69E05AE228A3AFAE00FD3082 /* Project object */;
}
